
Microsoft Visual Studio Solution File, Format Version 12.00
# Visual Studio Version 17
VisualStudioVersion = 17.6.33815.320
MinimumVisualStudioVersion = 10.0.40219.1
Project("{FAE04EC0-301F-11D3-BF4B-00C04F79EFBC}") = "Lab5", "Lab5.csproj", "{1052228B-36D2-4A19-A028-21F9B79810F9}"
EndProject
Global
	GlobalSection(SolutionConfigurationPlatforms) = preSolution
		Debug|Any CPU = Debug|Any CPU
		Release|Any CPU = Release|Any CPU
	EndGlobalSection
	GlobalSection(ProjectConfigurationPlatforms) = postSolution
		{1052228B-36D2-4A19-A028-21F9B79810F9}.Debug|Any CPU.ActiveCfg = Debug|Any CPU
		{1052228B-36D2-4A19-A028-21F9B79810F9}.Debug|Any CPU.Build.0 = Debug|Any CPU
		{1052228B-36D2-4A19-A028-21F9B79810F9}.Release|Any CPU.ActiveCfg = Release|Any CPU
		{1052228B-36D2-4A19-A028-21F9B79810F9}.Release|Any CPU.Build.0 = Release|Any CPU
	EndGlobalSection
	GlobalSection(SolutionProperties) = preSolution
		HideSolutionNode = FALSE
	EndGlobalSection
	GlobalSection(ExtensibilityGlobals) = postSolution
		SolutionGuid = {6B315CC4-8BD3-49F0-AB20-F42F0310DF6D}
	EndGlobalSection
EndGlobal
